
Microsoft Visual Studio Solution File, Format Version 12.00
# Visual Studio Version 16
VisualStudioVersion = 16.0.32126.315
MinimumVisualStudioVersion = 10.0.40219.1
Project("{8BC9CEB8-8B4A-11D0-8D11-00A0C91BC942}") = "UN_U4", "UN_U4.vcxproj", "{AFC7F97D-64C7-4641-9000-7D278F0AF247}"
EndProject
Global
	GlobalSection(SolutionConfigurationPlatforms) = preSolution
		Debug|ARM = Debug|ARM
		Debug|Win32 = Debug|Win32
		Debug|x64 = Debug|x64
		Release|ARM = Release|ARM
		Release|Win32 = Release|Win32
		Release|x64 = Release|x64
	EndGlobalSection
	GlobalSection(ProjectConfigurationPlatforms) = postSolution
		{AFC7F97D-64C7-4641-9000-7D278F0AF247}.Debug|ARM.ActiveCfg = Debug|x64
		{AFC7F97D-64C7-4641-9000-7D278F0AF247}.Debug|ARM.Build.0 = Debug|x64
		{AFC7F97D-64C7-4641-9000-7D278F0AF247}.Debug|Win32.ActiveCfg = Debug|Win32
		{AFC7F97D-64C7-4641-9000-7D278F0AF247}.Debug|Win32.Build.0 = Debug|Win32
		{AFC7F97D-64C7-4641-9000-7D278F0AF247}.Debug|x64.ActiveCfg = Debug|x64
		{AFC7F97D-64C7-4641-9000-7D278F0AF247}.Debug|x64.Build.0 = Debug|x64
		{AFC7F97D-64C7-4641-9000-7D278F0AF247}.Release|ARM.ActiveCfg = Release|ARM
		{AFC7F97D-64C7-4641-9000-7D278F0AF247}.Release|ARM.Build.0 = Release|ARM
		{AFC7F97D-64C7-4641-9000-7D278F0AF247}.Release|Win32.ActiveCfg = Release|Win32
		{AFC7F97D-64C7-4641-9000-7D278F0AF247}.Release|Win32.Build.0 = Release|Win32
		{AFC7F97D-64C7-4641-9000-7D278F0AF247}.Release|x64.ActiveCfg = Release|x64
		{AFC7F97D-64C7-4641-9000-7D278F0AF247}.Release|x64.Build.0 = Release|x64
	EndGlobalSection
	GlobalSection(SolutionProperties) = preSolution
		HideSolutionNode = FALSE
	EndGlobalSection
	GlobalSection(ExtensibilityGlobals) = postSolution
		SolutionGuid = {358481C8-1D4E-40EB-A1C3-2870BAD98720}
	EndGlobalSection
EndGlobal
